
Microsoft Visual Studio Solution File, Format Version 12.00
# Visual Studio 15
VisualStudioVersion = 15.0.28010.2036
MinimumVisualStudioVersion = 10.0.40219.1
Project("{FAE04EC0-301F-11D3-BF4B-00C04F79EFBC}") = "FindTheParityOutlier", "FindTheParityOutlier\FindTheParityOutlier.csproj", "{BD9DEE47-FB37-4F85-9B3B-155E1B1D02F4}"
EndProject
Project("{FAE04EC0-301F-11D3-BF4B-00C04F79EFBC}") = "FindTheParityOutlier.Test", "FindTheParityOutlier.Test\FindTheParityOutlier.Test.csproj", "{1883F67E-B825-4778-ACAC-CE19CE4CC02F}"
EndProject
Global
	GlobalSection(SolutionConfigurationPlatforms) = preSolution
		Debug|Any CPU = Debug|Any CPU
		Release|Any CPU = Release|Any CPU
	EndGlobalSection
	GlobalSection(ProjectConfigurationPlatforms) = postSolution
		{BD9DEE47-FB37-4F85-9B3B-155E1B1D02F4}.Debug|Any CPU.ActiveCfg = Debug|Any CPU
		{BD9DEE47-FB37-4F85-9B3B-155E1B1D02F4}.Debug|Any CPU.Build.0 = Debug|Any CPU
		{BD9DEE47-FB37-4F85-9B3B-155E1B1D02F4}.Release|Any CPU.ActiveCfg = Release|Any CPU
		{BD9DEE47-FB37-4F85-9B3B-155E1B1D02F4}.Release|Any CPU.Build.0 = Release|Any CPU
		{1883F67E-B825-4778-ACAC-CE19CE4CC02F}.Debug|Any CPU.ActiveCfg = Debug|Any CPU
		{1883F67E-B825-4778-ACAC-CE19CE4CC02F}.Debug|Any CPU.Build.0 = Debug|Any CPU
		{1883F67E-B825-4778-ACAC-CE19CE4CC02F}.Release|Any CPU.ActiveCfg = Release|Any CPU
		{1883F67E-B825-4778-ACAC-CE19CE4CC02F}.Release|Any CPU.Build.0 = Release|Any CPU
	EndGlobalSection
	GlobalSection(SolutionProperties) = preSolution
		HideSolutionNode = FALSE
	EndGlobalSection
	GlobalSection(ExtensibilityGlobals) = postSolution
		SolutionGuid = {AA6E55BE-4201-49FC-8838-4381484553F2}
	EndGlobalSection
EndGlobal
