
Microsoft Visual Studio Solution File, Format Version 12.00
# Visual Studio 15
VisualStudioVersion = 15.0.27130.2010
MinimumVisualStudioVersion = 10.0.40219.1
Project("{9A19103F-16F7-4668-BE54-9A1E7A4F7556}") = "FindTheOddInt", "FindTheOddInt\FindTheOddInt.csproj", "{DE7CDFBF-C579-468B-A4FF-EEF167278CCC}"
EndProject
Project("{FAE04EC0-301F-11D3-BF4B-00C04F79EFBC}") = "FindTheOddInt.Test", "FindTheOddIntTest\FindTheOddInt.Test.csproj", "{C9B01010-F80C-4FC2-86EA-760EE6C5ABC6}"
EndProject
Global
	GlobalSection(SolutionConfigurationPlatforms) = preSolution
		Debug|Any CPU = Debug|Any CPU
		Release|Any CPU = Release|Any CPU
	EndGlobalSection
	GlobalSection(ProjectConfigurationPlatforms) = postSolution
		{DE7CDFBF-C579-468B-A4FF-EEF167278CCC}.Debug|Any CPU.ActiveCfg = Debug|Any CPU
		{DE7CDFBF-C579-468B-A4FF-EEF167278CCC}.Debug|Any CPU.Build.0 = Debug|Any CPU
		{DE7CDFBF-C579-468B-A4FF-EEF167278CCC}.Release|Any CPU.ActiveCfg = Release|Any CPU
		{DE7CDFBF-C579-468B-A4FF-EEF167278CCC}.Release|Any CPU.Build.0 = Release|Any CPU
		{C9B01010-F80C-4FC2-86EA-760EE6C5ABC6}.Debug|Any CPU.ActiveCfg = Debug|Any CPU
		{C9B01010-F80C-4FC2-86EA-760EE6C5ABC6}.Debug|Any CPU.Build.0 = Debug|Any CPU
		{C9B01010-F80C-4FC2-86EA-760EE6C5ABC6}.Release|Any CPU.ActiveCfg = Release|Any CPU
		{C9B01010-F80C-4FC2-86EA-760EE6C5ABC6}.Release|Any CPU.Build.0 = Release|Any CPU
	EndGlobalSection
	GlobalSection(SolutionProperties) = preSolution
		HideSolutionNode = FALSE
	EndGlobalSection
	GlobalSection(ExtensibilityGlobals) = postSolution
		SolutionGuid = {067F5B9B-37CC-43BE-A001-F2B31171C928}
	EndGlobalSection
EndGlobal
